// !$*UTF8*$!
{
	archiveVersion = 1;
	classes = {
	};
	objectVersion = 46;
	objects = {

/* Begin PBXBuildFile section */
		CA6BB5CE16DDF88A004298D2 /* CalendarShadow.png in Resources */ = {isa = PBXBuildFile; fileRef = CA6BB5CD16DDF88A004298D2 /* CalendarShadow.png */; };
		CA6BB5CF16DDFDBC004298D2 /* ABViewPool.m in Sources */ = {isa = PBXBuildFile; fileRef = CAED2D9F16DDF2A0004C2BA2 /* ABViewPool.m */; };
		CA6BB5D016DDFDBC004298D2 /* ABCalendarPicker.m in Sources */ = {isa = PBXBuildFile; fileRef = CAED2DA116DDF2A0004C2BA2 /* ABCalendarPicker.m */; };
		CA6BB5D116DDFDBC004298D2 /* ABCalendarPickerDefaultSeasonedMonthsProvider.m in Sources */ = {isa = PBXBuildFile; fileRef = CAED2DA716DDF2A0004C2BA2 /* ABCalendarPickerDefaultSeasonedMonthsProvider.m */; };
		CA6BB5D216DDFDBC004298D2 /* ABCalendarPickerDefaultTripleWeekdaysProvider.m in Sources */ = {isa = PBXBuildFile; fileRef = CAED2DA916DDF2A0004C2BA2 /* ABCalendarPickerDefaultTripleWeekdaysProvider.m */; };
		CA6BB5D316DDFDBC004298D2 /* ABCalendarPickerDefaultWeekdaysProvider.m in Sources */ = {isa = PBXBuildFile; fileRef = CAED2DAB16DDF2A0004C2BA2 /* ABCalendarPickerDefaultWeekdaysProvider.m */; };
		CA6BB5D416DDFDBC004298D2 /* ABCalendarPickerDefaultYearsProvider.m in Sources */ = {isa = PBXBuildFile; fileRef = CAED2DAD16DDF2A0004C2BA2 /* ABCalendarPickerDefaultYearsProvider.m */; };
		CA6BB5D516DDFDBC004298D2 /* ABCalendarPickerDefaultDaysProvider.m in Sources */ = {isa = PBXBuildFile; fileRef = CAED2DAF16DDF2A0004C2BA2 /* ABCalendarPickerDefaultDaysProvider.m */; };
		CA6BB5D616DDFDBC004298D2 /* ABCalendarPickerDefaultErasProvider.m in Sources */ = {isa = PBXBuildFile; fileRef = CAED2DB116DDF2A0004C2BA2 /* ABCalendarPickerDefaultErasProvider.m */; };
		CA6BB5D716DDFDBC004298D2 /* ABCalendarPickerDefaultMonthsProvider.m in Sources */ = {isa = PBXBuildFile; fileRef = CAED2DB316DDF2A0004C2BA2 /* ABCalendarPickerDefaultMonthsProvider.m */; };
		CA6BB5D816DDFDBC004298D2 /* ABCalendarPickerDefaultStyleProvider.m in Sources */ = {isa = PBXBuildFile; fileRef = CAED2DB516DDF2A0004C2BA2 /* ABCalendarPickerDefaultStyleProvider.m */; };
		CA6BB5D916DDFDBC004298D2 /* UIMyButton.m in Sources */ = {isa = PBXBuildFile; fileRef = CAED2DB716DDF2A0004C2BA2 /* UIMyButton.m */; };
		CAED2D7B16DDF260004C2BA2 /* UIKit.framework in Frameworks */ = {isa = PBXBuildFile; fileRef = CAED2D7A16DDF260004C2BA2 /* UIKit.framework */; };
		CAED2D7D16DDF260004C2BA2 /* Foundation.framework in Frameworks */ = {isa = PBXBuildFile; fileRef = CAED2D7C16DDF260004C2BA2 /* Foundation.framework */; };
		CAED2D7F16DDF260004C2BA2 /* CoreGraphics.framework in Frameworks */ = {isa = PBXBuildFile; fileRef = CAED2D7E16DDF260004C2BA2 /* CoreGraphics.framework */; };
		CAED2D8516DDF260004C2BA2 /* InfoPlist.strings in Resources */ = {isa = PBXBuildFile; fileRef = CAED2D8316DDF260004C2BA2 /* InfoPlist.strings */; };
		CAED2D8716DDF260004C2BA2 /* main.m in Sources */ = {isa = PBXBuildFile; fileRef = CAED2D8616DDF260004C2BA2 /* main.m */; };
		CAED2D8B16DDF260004C2BA2 /* AppDelegate.m in Sources */ = {isa = PBXBuildFile; fileRef = CAED2D8A16DDF260004C2BA2 /* AppDelegate.m */; };
		CAED2D8D16DDF260004C2BA2 /* Default.png in Resources */ = {isa = PBXBuildFile; fileRef = CAED2D8C16DDF260004C2BA2 /* Default.png */; };
		CAED2D8F16DDF260004C2BA2 /* Default@2x.png in Resources */ = {isa = PBXBuildFile; fileRef = CAED2D8E16DDF260004C2BA2 /* Default@2x.png */; };
		CAED2D9116DDF260004C2BA2 /* Default-568h@2x.png in Resources */ = {isa = PBXBuildFile; fileRef = CAED2D9016DDF260004C2BA2 /* Default-568h@2x.png */; };
		CAED2D9416DDF260004C2BA2 /* ViewController.m in Sources */ = {isa = PBXBuildFile; fileRef = CAED2D9316DDF260004C2BA2 /* ViewController.m */; };
		CAED2D9716DDF260004C2BA2 /* ViewController.xib in Resources */ = {isa = PBXBuildFile; fileRef = CAED2D9516DDF260004C2BA2 /* ViewController.xib */; };
		CAED2DC116DDF2DA004C2BA2 /* GradientBar.png in Resources */ = {isa = PBXBuildFile; fileRef = CAED2DBA16DDF2DA004C2BA2 /* GradientBar.png */; };
		CAED2DC216DDF2DA004C2BA2 /* TilePattern.png in Resources */ = {isa = PBXBuildFile; fileRef = CAED2DBB16DDF2DA004C2BA2 /* TilePattern.png */; };
		CAED2DC316DDF2DA004C2BA2 /* TileDisabledSelected.png in Resources */ = {isa = PBXBuildFile; fileRef = CAED2DBC16DDF2DA004C2BA2 /* TileDisabledSelected.png */; };
		CAED2DC416DDF2DA004C2BA2 /* TileNormal.png in Resources */ = {isa = PBXBuildFile; fileRef = CAED2DBD16DDF2DA004C2BA2 /* TileNormal.png */; };
		CAED2DC516DDF2DA004C2BA2 /* TileSelected.png in Resources */ = {isa = PBXBuildFile; fileRef = CAED2DBE16DDF2DA004C2BA2 /* TileSelected.png */; };
		CAED2DC616DDF2DA004C2BA2 /* TileToday.png in Resources */ = {isa = PBXBuildFile; fileRef = CAED2DBF16DDF2DA004C2BA2 /* TileToday.png */; };
		CAED2DC716DDF2DA004C2BA2 /* TileTodaySelected.png in Resources */ = {isa = PBXBuildFile; fileRef = CAED2DC016DDF2DA004C2BA2 /* TileTodaySelected.png */; };
		CAED2DD116DDF5FA004C2BA2 /* QuartzCore.framework in Frameworks */ = {isa = PBXBuildFile; fileRef = CAED2DD016DDF5F9004C2BA2 /* QuartzCore.framework */; };
/* End PBXBuildFile section */

/* Begin PBXFileReference section */
		CA6BB5CD16DDF88A004298D2 /* CalendarShadow.png */ = {isa = PBXFileReference; lastKnownFileType = image.png; path = CalendarShadow.png; sourceTree = "<group>"; };
		CAED2D7616DDF260004C2BA2 /* calendar.app */ = {isa = PBXFileReference; explicitFileType = wrapper.application; includeInIndex = 0; path = calendar.app; sourceTree = BUILT_PRODUCTS_DIR; };
		CAED2D7A16DDF260004C2BA2 /* UIKit.framework */ = {isa = PBXFileReference; lastKnownFileType = wrapper.framework; name = UIKit.framework; path = System/Library/Frameworks/UIKit.framework; sourceTree = SDKROOT; };
		CAED2D7C16DDF260004C2BA2 /* Foundation.framework */ = {isa = PBXFileReference; lastKnownFileType = wrapper.framework; name = Foundation.framework; path = System/Library/Frameworks/Foundation.framework; sourceTree = SDKROOT; };
		CAED2D7E16DDF260004C2BA2 /* CoreGraphics.framework */ = {isa = PBXFileReference; lastKnownFileType = wrapper.framework; name = CoreGraphics.framework; path = System/Library/Frameworks/CoreGraphics.framework; sourceTree = SDKROOT; };
		CAED2D8216DDF260004C2BA2 /* calendar-Info.plist */ = {isa = PBXFileReference; lastKnownFileType = text.plist.xml; path = "calendar-Info.plist"; sourceTree = "<group>"; };
		CAED2D8416DDF260004C2BA2 /* en */ = {isa = PBXFileReference; lastKnownFileType = text.plist.strings; name = en; path = en.lproj/InfoPlist.strings; sourceTree = "<group>"; };
		CAED2D8616DDF260004C2BA2 /* main.m */ = {isa = PBXFileReference; lastKnownFileType = sourcecode.c.objc; path = main.m; sourceTree = "<group>"; };
		CAED2D8816DDF260004C2BA2 /* calendar-Prefix.pch */ = {isa = PBXFileReference; lastKnownFileType = sourcecode.c.h; path = "calendar-Prefix.pch"; sourceTree = "<group>"; };
		CAED2D8916DDF260004C2BA2 /* AppDelegate.h */ = {isa = PBXFileReference; lastKnownFileType = sourcecode.c.h; path = AppDelegate.h; sourceTree = "<group>"; };
		CAED2D8A16DDF260004C2BA2 /* AppDelegate.m */ = {isa = PBXFileReference; lastKnownFileType = sourcecode.c.objc; path = AppDelegate.m; sourceTree = "<group>"; };
		CAED2D8C16DDF260004C2BA2 /* Default.png */ = {isa = PBXFileReference; lastKnownFileType = image.png; path = Default.png; sourceTree = "<group>"; };
		CAED2D8E16DDF260004C2BA2 /* Default@2x.png */ = {isa = PBXFileReference; lastKnownFileType = image.png; path = "Default@2x.png"; sourceTree = "<group>"; };
		CAED2D9016DDF260004C2BA2 /* Default-568h@2x.png */ = {isa = PBXFileReference; lastKnownFileType = image.png; path = "Default-568h@2x.png"; sourceTree = "<group>"; };
		CAED2D9216DDF260004C2BA2 /* ViewController.h */ = {isa = PBXFileReference; lastKnownFileType = sourcecode.c.h; path = ViewController.h; sourceTree = "<group>"; };
		CAED2D9316DDF260004C2BA2 /* ViewController.m */ = {isa = PBXFileReference; lastKnownFileType = sourcecode.c.objc; path = ViewController.m; sourceTree = "<group>"; };
		CAED2D9616DDF260004C2BA2 /* en */ = {isa = PBXFileReference; lastKnownFileType = file.xib; name = en; path = en.lproj/ViewController.xib; sourceTree = "<group>"; };
		CAED2D9E16DDF2A0004C2BA2 /* ABViewPool.h */ = {isa = PBXFileReference; lastKnownFileType = sourcecode.c.h; path = ABViewPool.h; sourceTree = "<group>"; };
		CAED2D9F16DDF2A0004C2BA2 /* ABViewPool.m */ = {isa = PBXFileReference; lastKnownFileType = sourcecode.c.objc; path = ABViewPool.m; sourceTree = "<group>"; };
		CAED2DA016DDF2A0004C2BA2 /* ABCalendarPicker.h */ = {isa = PBXFileReference; lastKnownFileType = sourcecode.c.h; path = ABCalendarPicker.h; sourceTree = "<group>"; };
		CAED2DA116DDF2A0004C2BA2 /* ABCalendarPicker.m */ = {isa = PBXFileReference; lastKnownFileType = sourcecode.c.objc; path = ABCalendarPicker.m; sourceTree = "<group>"; };
		CAED2DA216DDF2A0004C2BA2 /* ABCalendarPickerDataSourceProtocol.h */ = {isa = PBXFileReference; lastKnownFileType = sourcecode.c.h; path = ABCalendarPickerDataSourceProtocol.h; sourceTree = "<group>"; };
		CAED2DA316DDF2A0004C2BA2 /* ABCalendarPickerDateProviderProtocol.h */ = {isa = PBXFileReference; lastKnownFileType = sourcecode.c.h; path = ABCalendarPickerDateProviderProtocol.h; sourceTree = "<group>"; };
		CAED2DA416DDF2A0004C2BA2 /* ABCalendarPickerDelegateProtocol.h */ = {isa = PBXFileReference; lastKnownFileType = sourcecode.c.h; path = ABCalendarPickerDelegateProtocol.h; sourceTree = "<group>"; };
		CAED2DA516DDF2A0004C2BA2 /* ABCalendarPickerStyleProviderProtocol.h */ = {isa = PBXFileReference; lastKnownFileType = sourcecode.c.h; path = ABCalendarPickerStyleProviderProtocol.h; sourceTree = "<group>"; };
		CAED2DA616DDF2A0004C2BA2 /* ABCalendarPickerDefaultSeasonedMonthsProvider.h */ = {isa = PBXFileReference; lastKnownFileType = sourcecode.c.h; path = ABCalendarPickerDefaultSeasonedMonthsProvider.h; sourceTree = "<group>"; };
		CAED2DA716DDF2A0004C2BA2 /* ABCalendarPickerDefaultSeasonedMonthsProvider.m */ = {isa = PBXFileReference; lastKnownFileType = sourcecode.c.objc; path = ABCalendarPickerDefaultSeasonedMonthsProvider.m; sourceTree = "<group>"; };
		CAED2DA816DDF2A0004C2BA2 /* ABCalendarPickerDefaultTripleWeekdaysProvider.h */ = {isa = PBXFileReference; lastKnownFileType = sourcecode.c.h; path = ABCalendarPickerDefaultTripleWeekdaysProvider.h; sourceTree = "<group>"; };
		CAED2DA916DDF2A0004C2BA2 /* ABCalendarPickerDefaultTripleWeekdaysProvider.m */ = {isa = PBXFileReference; lastKnownFileType = sourcecode.c.objc; path = ABCalendarPickerDefaultTripleWeekdaysProvider.m; sourceTree = "<group>"; };
		CAED2DAA16DDF2A0004C2BA2 /* ABCalendarPickerDefaultWeekdaysProvider.h */ = {isa = PBXFileReference; lastKnownFileType = sourcecode.c.h; path = ABCalendarPickerDefaultWeekdaysProvider.h; sourceTree = "<group>"; };
		CAED2DAB16DDF2A0004C2BA2 /* ABCalendarPickerDefaultWeekdaysProvider.m */ = {isa = PBXFileReference; lastKnownFileType = sourcecode.c.objc; path = ABCalendarPickerDefaultWeekdaysProvider.m; sourceTree = "<group>"; };
		CAED2DAC16DDF2A0004C2BA2 /* ABCalendarPickerDefaultYearsProvider.h */ = {isa = PBXFileReference; lastKnownFileType = sourcecode.c.h; path = ABCalendarPickerDefaultYearsProvider.h; sourceTree = "<group>"; };
		CAED2DAD16DDF2A0004C2BA2 /* ABCalendarPickerDefaultYearsProvider.m */ = {isa = PBXFileReference; lastKnownFileType = sourcecode.c.objc; path = ABCalendarPickerDefaultYearsProvider.m; sourceTree = "<group>"; };
		CAED2DAE16DDF2A0004C2BA2 /* ABCalendarPickerDefaultDaysProvider.h */ = {isa = PBXFileReference; lastKnownFileType = sourcecode.c.h; path = ABCalendarPickerDefaultDaysProvider.h; sourceTree = "<group>"; };
		CAED2DAF16DDF2A0004C2BA2 /* ABCalendarPickerDefaultDaysProvider.m */ = {isa = PBXFileReference; lastKnownFileType = sourcecode.c.objc; path = ABCalendarPickerDefaultDaysProvider.m; sourceTree = "<group>"; };
		CAED2DB016DDF2A0004C2BA2 /* ABCalendarPickerDefaultErasProvider.h */ = {isa = PBXFileReference; lastKnownFileType = sourcecode.c.h; path = ABCalendarPickerDefaultErasProvider.h; sourceTree = "<group>"; };
		CAED2DB116DDF2A0004C2BA2 /* ABCalendarPickerDefaultErasProvider.m */ = {isa = PBXFileReference; lastKnownFileType = sourcecode.c.objc; path = ABCalendarPickerDefaultErasProvider.m; sourceTree = "<group>"; };
		CAED2DB216DDF2A0004C2BA2 /* ABCalendarPickerDefaultMonthsProvider.h */ = {isa = PBXFileReference; lastKnownFileType = sourcecode.c.h; path = ABCalendarPickerDefaultMonthsProvider.h; sourceTree = "<group>"; };
		CAED2DB316DDF2A0004C2BA2 /* ABCalendarPickerDefaultMonthsProvider.m */ = {isa = PBXFileReference; lastKnownFileType = sourcecode.c.objc; path = ABCalendarPickerDefaultMonthsProvider.m; sourceTree = "<group>"; };
		CAED2DB416DDF2A0004C2BA2 /* ABCalendarPickerDefaultStyleProvider.h */ = {isa = PBXFileReference; lastKnownFileType = sourcecode.c.h; path = ABCalendarPickerDefaultStyleProvider.h; sourceTree = "<group>"; };
		CAED2DB516DDF2A0004C2BA2 /* ABCalendarPickerDefaultStyleProvider.m */ = {isa = PBXFileReference; lastKnownFileType = sourcecode.c.objc; path = ABCalendarPickerDefaultStyleProvider.m; sourceTree = "<group>"; };
		CAED2DB616DDF2A0004C2BA2 /* UIMyButton.h */ = {isa = PBXFileReference; lastKnownFileType = sourcecode.c.h; path = UIMyButton.h; sourceTree = "<group>"; };
		CAED2DB716DDF2A0004C2BA2 /* UIMyButton.m */ = {isa = PBXFileReference; lastKnownFileType = sourcecode.c.objc; path = UIMyButton.m; sourceTree = "<group>"; };
		CAED2DBA16DDF2DA004C2BA2 /* GradientBar.png */ = {isa = PBXFileReference; lastKnownFileType = image.png; path = GradientBar.png; sourceTree = "<group>"; };
		CAED2DBB16DDF2DA004C2BA2 /* TilePattern.png */ = {isa = PBXFileReference; lastKnownFileType = image.png; path = TilePattern.png; sourceTree = "<group>"; };
		CAED2DBC16DDF2DA004C2BA2 /* TileDisabledSelected.png */ = {isa = PBXFileReference; lastKnownFileType = image.png; path = TileDisabledSelected.png; sourceTree = "<group>"; };
		CAED2DBD16DDF2DA004C2BA2 /* TileNormal.png */ = {isa = PBXFileReference; lastKnownFileType = image.png; path = TileNormal.png; sourceTree = "<group>"; };
		CAED2DBE16DDF2DA004C2BA2 /* TileSelected.png */ = {isa = PBXFileReference; lastKnownFileType = image.png; path = TileSelected.png; sourceTree = "<group>"; };
		CAED2DBF16DDF2DA004C2BA2 /* TileToday.png */ = {isa = PBXFileReference; lastKnownFileType = image.png; path = TileToday.png; sourceTree = "<group>"; };
		CAED2DC016DDF2DA004C2BA2 /* TileTodaySelected.png */ = {isa = PBXFileReference; lastKnownFileType = image.png; path = TileTodaySelected.png; sourceTree = "<group>"; };
		CAED2DD016DDF5F9004C2BA2 /* QuartzCore.framework */ = {isa = PBXFileReference; lastKnownFileType = wrapper.framework; name = QuartzCore.framework; path = System/Library/Frameworks/QuartzCore.framework; sourceTree = SDKROOT; };
/* End PBXFileReference section */

/* Begin PBXFrameworksBuildPhase section */
		CAED2D7316DDF260004C2BA2 /* Frameworks */ = {
			isa = PBXFrameworksBuildPhase;
			buildActionMask = 2147483647;
			files = (
				CAED2DD116DDF5FA004C2BA2 /* QuartzCore.framework in Frameworks */,
				CAED2D7B16DDF260004C2BA2 /* UIKit.framework in Frameworks */,
				CAED2D7D16DDF260004C2BA2 /* Foundation.framework in Frameworks */,
				CAED2D7F16DDF260004C2BA2 /* CoreGraphics.framework in Frameworks */,
			);
			runOnlyForDeploymentPostprocessing = 0;
		};
/* End PBXFrameworksBuildPhase section */

/* Begin PBXGroup section */
		CAED2D6B16DDF260004C2BA2 = {
			isa = PBXGroup;
			children = (
				CAED2DD016DDF5F9004C2BA2 /* QuartzCore.framework */,
				CAED2DB816DDF2BD004C2BA2 /* New Group */,
				CAED2D8016DDF260004C2BA2 /* calendar */,
				CAED2D7916DDF260004C2BA2 /* Frameworks */,
				CAED2D7716DDF260004C2BA2 /* Products */,
			);
			sourceTree = "<group>";
		};
		CAED2D7716DDF260004C2BA2 /* Products */ = {
			isa = PBXGroup;
			children = (
				CAED2D7616DDF260004C2BA2 /* calendar.app */,
			);
			name = Products;
			sourceTree = "<group>";
		};
		CAED2D7916DDF260004C2BA2 /* Frameworks */ = {
			isa = PBXGroup;
			children = (
				CAED2D7A16DDF260004C2BA2 /* UIKit.framework */,
				CAED2D7C16DDF260004C2BA2 /* Foundation.framework */,
				CAED2D7E16DDF260004C2BA2 /* CoreGraphics.framework */,
			);
			name = Frameworks;
			sourceTree = "<group>";
		};
		CAED2D8016DDF260004C2BA2 /* calendar */ = {
			isa = PBXGroup;
			children = (
				CAED2D8916DDF260004C2BA2 /* AppDelegate.h */,
				CAED2D8A16DDF260004C2BA2 /* AppDelegate.m */,
				CAED2D9216DDF260004C2BA2 /* ViewController.h */,
				CAED2D9316DDF260004C2BA2 /* ViewController.m */,
				CAED2D9516DDF260004C2BA2 /* ViewController.xib */,
				CAED2D8116DDF260004C2BA2 /* Supporting Files */,
			);
			path = calendar;
			sourceTree = "<group>";
		};
		CAED2D8116DDF260004C2BA2 /* Supporting Files */ = {
			isa = PBXGroup;
			children = (
				CAED2D8216DDF260004C2BA2 /* calendar-Info.plist */,
				CAED2D8316DDF260004C2BA2 /* InfoPlist.strings */,
				CAED2D8616DDF260004C2BA2 /* main.m */,
				CAED2D8816DDF260004C2BA2 /* calendar-Prefix.pch */,
				CAED2D8C16DDF260004C2BA2 /* Default.png */,
				CAED2D8E16DDF260004C2BA2 /* Default@2x.png */,
				CAED2D9016DDF260004C2BA2 /* Default-568h@2x.png */,
			);
			name = "Supporting Files";
			sourceTree = "<group>";
		};
		CAED2D9D16DDF270004C2BA2 /* external */ = {
			isa = PBXGroup;
			children = (
				CAED2D9E16DDF2A0004C2BA2 /* ABViewPool.h */,
				CAED2D9F16DDF2A0004C2BA2 /* ABViewPool.m */,
				CAED2DA216DDF2A0004C2BA2 /* ABCalendarPickerDataSourceProtocol.h */,
				CAED2DA316DDF2A0004C2BA2 /* ABCalendarPickerDateProviderProtocol.h */,
				CAED2DA416DDF2A0004C2BA2 /* ABCalendarPickerDelegateProtocol.h */,
				CAED2DA516DDF2A0004C2BA2 /* ABCalendarPickerStyleProviderProtocol.h */,
				CAED2DA616DDF2A0004C2BA2 /* ABCalendarPickerDefaultSeasonedMonthsProvider.h */,
				CAED2DA716DDF2A0004C2BA2 /* ABCalendarPickerDefaultSeasonedMonthsProvider.m */,
				CAED2DA816DDF2A0004C2BA2 /* ABCalendarPickerDefaultTripleWeekdaysProvider.h */,
				CAED2DA916DDF2A0004C2BA2 /* ABCalendarPickerDefaultTripleWeekdaysProvider.m */,
				CAED2DAA16DDF2A0004C2BA2 /* ABCalendarPickerDefaultWeekdaysProvider.h */,
				CAED2DAB16DDF2A0004C2BA2 /* ABCalendarPickerDefaultWeekdaysProvider.m */,
				CAED2DAC16DDF2A0004C2BA2 /* ABCalendarPickerDefaultYearsProvider.h */,
				CAED2DAD16DDF2A0004C2BA2 /* ABCalendarPickerDefaultYearsProvider.m */,
				CAED2DAE16DDF2A0004C2BA2 /* ABCalendarPickerDefaultDaysProvider.h */,
				CAED2DAF16DDF2A0004C2BA2 /* ABCalendarPickerDefaultDaysProvider.m */,
				CAED2DB016DDF2A0004C2BA2 /* ABCalendarPickerDefaultErasProvider.h */,
				CAED2DB116DDF2A0004C2BA2 /* ABCalendarPickerDefaultErasProvider.m */,
				CAED2DB216DDF2A0004C2BA2 /* ABCalendarPickerDefaultMonthsProvider.h */,
				CAED2DB316DDF2A0004C2BA2 /* ABCalendarPickerDefaultMonthsProvider.m */,
				CAED2DB416DDF2A0004C2BA2 /* ABCalendarPickerDefaultStyleProvider.h */,
				CAED2DB516DDF2A0004C2BA2 /* ABCalendarPickerDefaultStyleProvider.m */,
				CAED2DB616DDF2A0004C2BA2 /* UIMyButton.h */,
				CAED2DB716DDF2A0004C2BA2 /* UIMyButton.m */,
			);
			name = external;
			sourceTree = "<group>";
		};
		CAED2DB816DDF2BD004C2BA2 /* New Group */ = {
			isa = PBXGroup;
			children = (
				CAED2DA016DDF2A0004C2BA2 /* ABCalendarPicker.h */,
				CAED2DA116DDF2A0004C2BA2 /* ABCalendarPicker.m */,
				CAED2DB916DDF2C7004C2BA2 /* image */,
				CAED2D9D16DDF270004C2BA2 /* external */,
			);
			name = "New Group";
			sourceTree = "<group>";
		};
		CAED2DB916DDF2C7004C2BA2 /* image */ = {
			isa = PBXGroup;
			children = (
				CA6BB5CD16DDF88A004298D2 /* CalendarShadow.png */,
				CAED2DBA16DDF2DA004C2BA2 /* GradientBar.png */,
				CAED2DBB16DDF2DA004C2BA2 /* TilePattern.png */,
				CAED2DBC16DDF2DA004C2BA2 /* TileDisabledSelected.png */,
				CAED2DBD16DDF2DA004C2BA2 /* TileNormal.png */,
				CAED2DBE16DDF2DA004C2BA2 /* TileSelected.png */,
				CAED2DBF16DDF2DA004C2BA2 /* TileToday.png */,
				CAED2DC016DDF2DA004C2BA2 /* TileTodaySelected.png */,
			);
			name = image;
			sourceTree = "<group>";
		};
/* End PBXGroup section */

/* Begin PBXNativeTarget section */
		CAED2D7516DDF260004C2BA2 /* calendar */ = {
			isa = PBXNativeTarget;
			buildConfigurationList = CAED2D9A16DDF260004C2BA2 /* Build configuration list for PBXNativeTarget "calendar" */;
			buildPhases = (
				CAED2D7216DDF260004C2BA2 /* Sources */,
				CAED2D7316DDF260004C2BA2 /* Frameworks */,
				CAED2D7416DDF260004C2BA2 /* Resources */,
			);
			buildRules = (
			);
			dependencies = (
			);
			name = calendar;
			productName = calendar;
			productReference = CAED2D7616DDF260004C2BA2 /* calendar.app */;
			productType = "com.apple.product-type.application";
		};
/* End PBXNativeTarget section */

/* Begin PBXProject section */
		CAED2D6D16DDF260004C2BA2 /* Project object */ = {
			isa = PBXProject;
			attributes = {
				LastUpgradeCheck = 0450;
				ORGANIZATIONNAME = "sun jianfeng";
			};
			buildConfigurationList = CAED2D7016DDF260004C2BA2 /* Build configuration list for PBXProject "calendar" */;
			compatibilityVersion = "Xcode 3.2";
			developmentRegion = English;
			hasScannedForEncodings = 0;
			knownRegions = (
				en,
			);
			mainGroup = CAED2D6B16DDF260004C2BA2;
			productRefGroup = CAED2D7716DDF260004C2BA2 /* Products */;
			projectDirPath = "";
			projectRoot = "";
			targets = (
				CAED2D7516DDF260004C2BA2 /* calendar */,
			);
		};
/* End PBXProject section */

/* Begin PBXResourcesBuildPhase section */
		CAED2D7416DDF260004C2BA2 /* Resources */ = {
			isa = PBXResourcesBuildPhase;
			buildActionMask = 2147483647;
			files = (
				CAED2D8516DDF260004C2BA2 /* InfoPlist.strings in Resources */,
				CAED2D8D16DDF260004C2BA2 /* Default.png in Resources */,
				CAED2D8F16DDF260004C2BA2 /* Default@2x.png in Resources */,
				CAED2D9116DDF260004C2BA2 /* Default-568h@2x.png in Resources */,
				CAED2D9716DDF260004C2BA2 /* ViewController.xib in Resources */,
				CAED2DC116DDF2DA004C2BA2 /* GradientBar.png in Resources */,
				CAED2DC216DDF2DA004C2BA2 /* TilePattern.png in Resources */,
				CAED2DC316DDF2DA004C2BA2 /* TileDisabledSelected.png in Resources */,
				CAED2DC416DDF2DA004C2BA2 /* TileNormal.png in Resources */,
				CAED2DC516DDF2DA004C2BA2 /* TileSelected.png in Resources */,
				CAED2DC616DDF2DA004C2BA2 /* TileToday.png in Resources */,
				CAED2DC716DDF2DA004C2BA2 /* TileTodaySelected.png in Resources */,
				CA6BB5CE16DDF88A004298D2 /* CalendarShadow.png in Resources */,
			);
			runOnlyForDeploymentPostprocessing = 0;
		};
/* End PBXResourcesBuildPhase section */

/* Begin PBXSourcesBuildPhase section */
		CAED2D7216DDF260004C2BA2 /* Sources */ = {
			isa = PBXSourcesBuildPhase;
			buildActionMask = 2147483647;
			files = (
				CA6BB5CF16DDFDBC004298D2 /* ABViewPool.m in Sources */,
				CA6BB5D016DDFDBC004298D2 /* ABCalendarPicker.m in Sources */,
				CA6BB5D116DDFDBC004298D2 /* ABCalendarPickerDefaultSeasonedMonthsProvider.m in Sources */,
				CA6BB5D216DDFDBC004298D2 /* ABCalendarPickerDefaultTripleWeekdaysProvider.m in Sources */,
				CA6BB5D316DDFDBC004298D2 /* ABCalendarPickerDefaultWeekdaysProvider.m in Sources */,
				CA6BB5D416DDFDBC004298D2 /* ABCalendarPickerDefaultYearsProvider.m in Sources */,
				CA6BB5D516DDFDBC004298D2 /* ABCalendarPickerDefaultDaysProvider.m in Sources */,
				CA6BB5D616DDFDBC004298D2 /* ABCalendarPickerDefaultErasProvider.m in Sources */,
				CA6BB5D716DDFDBC004298D2 /* ABCalendarPickerDefaultMonthsProvider.m in Sources */,
				CA6BB5D816DDFDBC004298D2 /* ABCalendarPickerDefaultStyleProvider.m in Sources */,
				CA6BB5D916DDFDBC004298D2 /* UIMyButton.m in Sources */,
				CAED2D8716DDF260004C2BA2 /* main.m in Sources */,
				CAED2D8B16DDF260004C2BA2 /* AppDelegate.m in Sources */,
				CAED2D9416DDF260004C2BA2 /* ViewController.m in Sources */,
			);
			runOnlyForDeploymentPostprocessing = 0;
		};
/* End PBXSourcesBuildPhase section */

/* Begin PBXVariantGroup section */
		CAED2D8316DDF260004C2BA2 /* InfoPlist.strings */ = {
			isa = PBXVariantGroup;
			children = (
				CAED2D8416DDF260004C2BA2 /* en */,
			);
			name = InfoPlist.strings;
			sourceTree = "<group>";
		};
		CAED2D9516DDF260004C2BA2 /* ViewController.xib */ = {
			isa = PBXVariantGroup;
			children = (
				CAED2D9616DDF260004C2BA2 /* en */,
			);
			name = ViewController.xib;
			sourceTree = "<group>";
		};
/* End PBXVariantGroup section */

/* Begin XCBuildConfiguration section */
		CAED2D9816DDF260004C2BA2 /* Debug */ = {
			isa = XCBuildConfiguration;
			buildSettings = {
				ALWAYS_SEARCH_USER_PATHS = NO;
				CLANG_CXX_LANGUAGE_STANDARD = "gnu++0x";
				CLANG_CXX_LIBRARY = "libc++";
				CLANG_WARN_EMPTY_BODY = YES;
				CLANG_WARN__DUPLICATE_METHOD_MATCH = YES;
				CODE_SIGN_IDENTITY = "iPhone Developer";
				"CODE_SIGN_IDENTITY[sdk=iphoneos*]" = "iPhone Developer";
				COPY_PHASE_STRIP = NO;
				GCC_C_LANGUAGE_STANDARD = gnu99;
				GCC_DYNAMIC_NO_PIC = NO;
				GCC_OPTIMIZATION_LEVEL = 0;
				GCC_PREPROCESSOR_DEFINITIONS = (
					"DEBUG=1",
					"$(inherited)",
				);
				GCC_SYMBOLS_PRIVATE_EXTERN = NO;
				GCC_WARN_ABOUT_RETURN_TYPE = YES;
				GCC_WARN_UNINITIALIZED_AUTOS = YES;
				GCC_WARN_UNUSED_VARIABLE = YES;
				IPHONEOS_DEPLOYMENT_TARGET = 5.0;
				ONLY_ACTIVE_ARCH = YES;
				PROVISIONING_PROFILE = "";
				SDKROOT = iphoneos;
				TARGETED_DEVICE_FAMILY = 2;
			};
			name = Debug;
		};
		CAED2D9916DDF260004C2BA2 /* Release */ = {
			isa = XCBuildConfiguration;
			buildSettings = {
				ALWAYS_SEARCH_USER_PATHS = NO;
				CLANG_CXX_LANGUAGE_STANDARD = "gnu++0x";
				CLANG_CXX_LIBRARY = "libc++";
				CLANG_WARN_EMPTY_BODY = YES;
				CLANG_WARN__DUPLICATE_METHOD_MATCH = YES;
				CODE_SIGN_IDENTITY = "iPhone Developer";
				"CODE_SIGN_IDENTITY[sdk=iphoneos*]" = "iPhone Developer";
				COPY_PHASE_STRIP = YES;
				GCC_C_LANGUAGE_STANDARD = gnu99;
				GCC_WARN_ABOUT_RETURN_TYPE = YES;
				GCC_WARN_UNINITIALIZED_AUTOS = YES;
				GCC_WARN_UNUSED_VARIABLE = YES;
				IPHONEOS_DEPLOYMENT_TARGET = 5.0;
				OTHER_CFLAGS = "-DNS_BLOCK_ASSERTIONS=1";
				PROVISIONING_PROFILE = "";
				SDKROOT = iphoneos;
				TARGETED_DEVICE_FAMILY = 2;
				VALIDATE_PRODUCT = YES;
			};
			name = Release;
		};
		CAED2D9B16DDF260004C2BA2 /* Debug */ = {
			isa = XCBuildConfiguration;
			buildSettings = {
				CLANG_ENABLE_OBJC_ARC = YES;
				CODE_SIGN_IDENTITY = "iPhone Developer";
				GCC_PRECOMPILE_PREFIX_HEADER = YES;
				GCC_PREFIX_HEADER = "calendar/calendar-Prefix.pch";
				INFOPLIST_FILE = "calendar/calendar-Info.plist";
				IPHONEOS_DEPLOYMENT_TARGET = 5.1;
				PRODUCT_NAME = "$(TARGET_NAME)";
				PROVISIONING_PROFILE = "";
				WRAPPER_EXTENSION = app;
			};
			name = Debug;
		};
		CAED2D9C16DDF260004C2BA2 /* Release */ = {
			isa = XCBuildConfiguration;
			buildSettings = {
				CLANG_ENABLE_OBJC_ARC = YES;
				CODE_SIGN_IDENTITY = "iPhone Developer";
				GCC_PRECOMPILE_PREFIX_HEADER = YES;
				GCC_PREFIX_HEADER = "calendar/calendar-Prefix.pch";
				INFOPLIST_FILE = "calendar/calendar-Info.plist";
				IPHONEOS_DEPLOYMENT_TARGET = 5.1;
				PRODUCT_NAME = "$(TARGET_NAME)";
				PROVISIONING_PROFILE = "";
				WRAPPER_EXTENSION = app;
			};
			name = Release;
		};
/* End XCBuildConfiguration section */

/* Begin XCConfigurationList section */
		CAED2D7016DDF260004C2BA2 /* Build configuration list for PBXProject "calendar" */ = {
			isa = XCConfigurationList;
			buildConfigurations = (
				CAED2D9816DDF260004C2BA2 /* Debug */,
				CAED2D9916DDF260004C2BA2 /* Release */,
			);
			defaultConfigurationIsVisible = 0;
			defaultConfigurationName = Release;
		};
		CAED2D9A16DDF260004C2BA2 /* Build configuration list for PBXNativeTarget "calendar" */ = {
			isa = XCConfigurationList;
			buildConfigurations = (
				CAED2D9B16DDF260004C2BA2 /* Debug */,
				CAED2D9C16DDF260004C2BA2 /* Release */,
			);
			defaultConfigurationIsVisible = 0;
			defaultConfigurationName = Release;
		};
/* End XCConfigurationList section */
	};
	rootObject = CAED2D6D16DDF260004C2BA2 /* Project object */;
}
